
Microsoft Visual Studio Solution File, Format Version 12.00
# Visual Studio Version 16
VisualStudioVersion = 16.0.31729.503
MinimumVisualStudioVersion = 10.0.40219.1
Project("{8BC9CEB8-8B4A-11D0-8D11-00A0C91BC942}") = "MyGame", "MyGame\MyGame.vcxproj", "{60CCFC33-5FAB-4E2B-92C8-1E4CB52A76F0}"
EndProject
Project("{8BC9CEB8-8B4A-11D0-8D11-00A0C91BC942}") = "Suzu", "Suzu\Suzu.vcxproj", "{6D60F9F9-937C-4600-8A16-B2A38A885328}"
EndProject
Project("{8BC9CEB8-8B4A-11D0-8D11-00A0C91BC942}") = "stbi", "stbi\stbi.vcxproj", "{B1100DEC-DC55-4556-9C90-A31D68D0432D}"
EndProject
Project("{8BC9CEB8-8B4A-11D0-8D11-00A0C91BC942}") = "glfw", "glfw\build\src\glfw.vcxproj", "{3D28AB41-8F54-37D1-A70F-02774B84407F}"
EndProject
Project("{8BC9CEB8-8B4A-11D0-8D11-00A0C91BC942}") = "glad", "glad\glad.vcxproj", "{F1DFFF17-E1AD-458C-931D-5E4EF36F6820}"
EndProject
Global
	GlobalSection(SolutionConfigurationPlatforms) = preSolution
		Debug|x64 = Debug|x64
		MinSizeRel|x64 = MinSizeRel|x64
		Release|x64 = Release|x64
		RelWithDebInfo|x64 = RelWithDebInfo|x64
	EndGlobalSection
	GlobalSection(ProjectConfigurationPlatforms) = postSolution
		{60CCFC33-5FAB-4E2B-92C8-1E4CB52A76F0}.Debug|x64.ActiveCfg = Debug|x64
		{60CCFC33-5FAB-4E2B-92C8-1E4CB52A76F0}.Debug|x64.Build.0 = Debug|x64
		{60CCFC33-5FAB-4E2B-92C8-1E4CB52A76F0}.MinSizeRel|x64.ActiveCfg = Release|x64
		{60CCFC33-5FAB-4E2B-92C8-1E4CB52A76F0}.MinSizeRel|x64.Build.0 = Release|x64
		{60CCFC33-5FAB-4E2B-92C8-1E4CB52A76F0}.Release|x64.ActiveCfg = Release|x64
		{60CCFC33-5FAB-4E2B-92C8-1E4CB52A76F0}.Release|x64.Build.0 = Release|x64
		{60CCFC33-5FAB-4E2B-92C8-1E4CB52A76F0}.RelWithDebInfo|x64.ActiveCfg = Release|x64
		{60CCFC33-5FAB-4E2B-92C8-1E4CB52A76F0}.RelWithDebInfo|x64.Build.0 = Release|x64
		{6D60F9F9-937C-4600-8A16-B2A38A885328}.Debug|x64.ActiveCfg = Debug|x64
		{6D60F9F9-937C-4600-8A16-B2A38A885328}.Debug|x64.Build.0 = Debug|x64
		{6D60F9F9-937C-4600-8A16-B2A38A885328}.MinSizeRel|x64.ActiveCfg = Release|x64
		{6D60F9F9-937C-4600-8A16-B2A38A885328}.MinSizeRel|x64.Build.0 = Release|x64
		{6D60F9F9-937C-4600-8A16-B2A38A885328}.Release|x64.ActiveCfg = Release|x64
		{6D60F9F9-937C-4600-8A16-B2A38A885328}.Release|x64.Build.0 = Release|x64
		{6D60F9F9-937C-4600-8A16-B2A38A885328}.RelWithDebInfo|x64.ActiveCfg = Release|x64
		{6D60F9F9-937C-4600-8A16-B2A38A885328}.RelWithDebInfo|x64.Build.0 = Release|x64
		{B1100DEC-DC55-4556-9C90-A31D68D0432D}.Debug|x64.ActiveCfg = Debug|x64
		{B1100DEC-DC55-4556-9C90-A31D68D0432D}.Debug|x64.Build.0 = Debug|x64
		{B1100DEC-DC55-4556-9C90-A31D68D0432D}.MinSizeRel|x64.ActiveCfg = Debug|x64
		{B1100DEC-DC55-4556-9C90-A31D68D0432D}.MinSizeRel|x64.Build.0 = Debug|x64
		{B1100DEC-DC55-4556-9C90-A31D68D0432D}.Release|x64.ActiveCfg = Release|x64
		{B1100DEC-DC55-4556-9C90-A31D68D0432D}.Release|x64.Build.0 = Release|x64
		{B1100DEC-DC55-4556-9C90-A31D68D0432D}.RelWithDebInfo|x64.ActiveCfg = Release|x64
		{B1100DEC-DC55-4556-9C90-A31D68D0432D}.RelWithDebInfo|x64.Build.0 = Release|x64
		{3D28AB41-8F54-37D1-A70F-02774B84407F}.Debug|x64.ActiveCfg = Debug|x64
		{3D28AB41-8F54-37D1-A70F-02774B84407F}.Debug|x64.Build.0 = Debug|x64
		{3D28AB41-8F54-37D1-A70F-02774B84407F}.MinSizeRel|x64.ActiveCfg = MinSizeRel|x64
		{3D28AB41-8F54-37D1-A70F-02774B84407F}.MinSizeRel|x64.Build.0 = MinSizeRel|x64
		{3D28AB41-8F54-37D1-A70F-02774B84407F}.Release|x64.ActiveCfg = Release|x64
		{3D28AB41-8F54-37D1-A70F-02774B84407F}.Release|x64.Build.0 = Release|x64
		{3D28AB41-8F54-37D1-A70F-02774B84407F}.RelWithDebInfo|x64.ActiveCfg = RelWithDebInfo|x64
		{3D28AB41-8F54-37D1-A70F-02774B84407F}.RelWithDebInfo|x64.Build.0 = RelWithDebInfo|x64
		{F1DFFF17-E1AD-458C-931D-5E4EF36F6820}.Debug|x64.ActiveCfg = Debug|x64
		{F1DFFF17-E1AD-458C-931D-5E4EF36F6820}.Debug|x64.Build.0 = Debug|x64
		{F1DFFF17-E1AD-458C-931D-5E4EF36F6820}.MinSizeRel|x64.ActiveCfg = Debug|x64
		{F1DFFF17-E1AD-458C-931D-5E4EF36F6820}.MinSizeRel|x64.Build.0 = Debug|x64
		{F1DFFF17-E1AD-458C-931D-5E4EF36F6820}.Release|x64.ActiveCfg = Release|x64
		{F1DFFF17-E1AD-458C-931D-5E4EF36F6820}.Release|x64.Build.0 = Release|x64
		{F1DFFF17-E1AD-458C-931D-5E4EF36F6820}.RelWithDebInfo|x64.ActiveCfg = Release|x64
		{F1DFFF17-E1AD-458C-931D-5E4EF36F6820}.RelWithDebInfo|x64.Build.0 = Release|x64
	EndGlobalSection
	GlobalSection(SolutionProperties) = preSolution
		HideSolutionNode = FALSE
	EndGlobalSection
	GlobalSection(ExtensibilityGlobals) = postSolution
		SolutionGuid = {3380C4BB-9B0D-4AB3-B4F3-1435A2D3B712}
	EndGlobalSection
EndGlobal
